
Microsoft Visual Studio Solution File, Format Version 12.00
# Visual Studio Version 17
VisualStudioVersion = 17.10.35013.160
MinimumVisualStudioVersion = 10.0.40219.1
Project("{FAE04EC0-301F-11D3-BF4B-00C04F79EFBC}") = "prac3", "prac3\prac3.csproj", "{870F8D9A-C00B-4464-A356-312E23DC6AE8}"
EndProject
Global
	GlobalSection(SolutionConfigurationPlatforms) = preSolution
		Debug|Any CPU = Debug|Any CPU
		Release|Any CPU = Release|Any CPU
	EndGlobalSection
	GlobalSection(ProjectConfigurationPlatforms) = postSolution
		{870F8D9A-C00B-4464-A356-312E23DC6AE8}.Debug|Any CPU.ActiveCfg = Debug|Any CPU
		{870F8D9A-C00B-4464-A356-312E23DC6AE8}.Debug|Any CPU.Build.0 = Debug|Any CPU
		{870F8D9A-C00B-4464-A356-312E23DC6AE8}.Release|Any CPU.ActiveCfg = Release|Any CPU
		{870F8D9A-C00B-4464-A356-312E23DC6AE8}.Release|Any CPU.Build.0 = Release|Any CPU
	EndGlobalSection
	GlobalSection(SolutionProperties) = preSolution
		HideSolutionNode = FALSE
	EndGlobalSection
	GlobalSection(ExtensibilityGlobals) = postSolution
		SolutionGuid = {B0E4D111-CED8-4713-A411-7CF986CE4A6C}
	EndGlobalSection
EndGlobal
