
Microsoft Visual Studio Solution File, Format Version 12.00
# Visual Studio Version 17
VisualStudioVersion = 17.10.35013.160
MinimumVisualStudioVersion = 10.0.40219.1
Project("{FAE04EC0-301F-11D3-BF4B-00C04F79EFBC}") = "prac2", "prac2\prac2.csproj", "{93D3FAD0-BB80-43EA-B1BE-2CC68031338D}"
EndProject
Global
	GlobalSection(SolutionConfigurationPlatforms) = preSolution
		Debug|Any CPU = Debug|Any CPU
		Release|Any CPU = Release|Any CPU
	EndGlobalSection
	GlobalSection(ProjectConfigurationPlatforms) = postSolution
		{93D3FAD0-BB80-43EA-B1BE-2CC68031338D}.Debug|Any CPU.ActiveCfg = Debug|Any CPU
		{93D3FAD0-BB80-43EA-B1BE-2CC68031338D}.Debug|Any CPU.Build.0 = Debug|Any CPU
		{93D3FAD0-BB80-43EA-B1BE-2CC68031338D}.Release|Any CPU.ActiveCfg = Release|Any CPU
		{93D3FAD0-BB80-43EA-B1BE-2CC68031338D}.Release|Any CPU.Build.0 = Release|Any CPU
	EndGlobalSection
	GlobalSection(SolutionProperties) = preSolution
		HideSolutionNode = FALSE
	EndGlobalSection
	GlobalSection(ExtensibilityGlobals) = postSolution
		SolutionGuid = {934AEE5B-AFA5-420D-9A37-E67988376B4A}
	EndGlobalSection
EndGlobal
